<?xml version="1.0" encoding="UTF-8"?>
<!DOCTYPE plist PUBLIC "-//Apple//DTD PLIST 1.0//EN" "http://www.apple.com/DTDs/PropertyList-1.0.dtd">
<plist version="1.0">
<dict>
	<key>archiveVersion</key>
	<string>1</string>
	<key>classes</key>
	<dict/>
	<key>objectVersion</key>
	<string>46</string>
	<key>objects</key>
	<dict>
		<key>045f2dedf65bdc8cba3d8875</key>
		<dict>
			<key>buildActionMask</key>
			<string>2147483647</string>
			<key>files</key>
			<array>
				<string>f2354b2e81dbd9752c64e215</string>
				<string>c0b5d09595f01e750b2a026f</string>
				<string>42f566595190a646c16fc6e6</string>
				<string>f6555c7fd4e2e9ac544b6843</string>
				<string>212142877f4f734d9ba84404</string>
				<string>89d5c4bc89ce890f371bb52d</string>
			</array>
			<key>isa</key>
			<string>PBXSourcesBuildPhase</string>
			<key>runOnlyForDeploymentPostprocessing</key>
			<string>0</string>
		</dict>
		<key>05e779d0d6dde22c184b8543</key>
		<dict>
			<key>fileEncoding</key>
			<string>4</string>
			<key>isa</key>
			<string>PBXFileReference</string>
			<key>lastKnownFileType</key>
			<string>wrapper.framework</string>
			<key>name</key>
			<string>calabash.framework</string>
			<key>path</key>
			<string>calabash.framework</string>
			<key>sourceTree</key>
			<string>&lt;group&gt;</string>
		</dict>
		<key>128cf31f430419b2ca65da2e</key>
		<dict>
			<key>explicitFileType</key>
			<string>wrapper.application</string>
			<key>includeInIndex</key>
			<string>0</string>
			<key>isa</key>
			<string>PBXFileReference</string>
			<key>path</key>
			<string>LPSimpleExample-cal.app</string>
			<key>sourceTree</key>
			<string>BUILT_PRODUCTS_DIR</string>
		</dict>
		<key>212142877f4f734d9ba84404</key>
		<dict>
			<key>fileRef</key>
			<string>B19151CC14549E1200A70274</string>
			<key>isa</key>
			<string>PBXBuildFile</string>
		</dict>
		<key>25f48a015f5f7804d8b18790</key>
		<dict>
			<key>fileRef</key>
			<string>30b9aeac2a7b8058b7994676</string>
			<key>isa</key>
			<string>PBXBuildFile</string>
		</dict>
		<key>262556647f41aad7d7dea44a</key>
		<dict>
			<key>buildActionMask</key>
			<string>2147483647</string>
			<key>files</key>
			<array>
				<string>94ddc654d7db3e3dc552c74a</string>
				<string>fc4b6191aa8ce74e03848ae6</string>
				<string>561356d0c38691331b2f55de</string>
				<string>85b5459be1e79c13813a46ef</string>
				<string>25f48a015f5f7804d8b18790</string>
				<string>e2cf3539d1d9c6328d80a649</string>
			</array>
			<key>isa</key>
			<string>PBXFrameworksBuildPhase</string>
			<key>runOnlyForDeploymentPostprocessing</key>
			<string>0</string>
		</dict>
		<key>30a0b7ac493aa705fe6ef1b8</key>
		<dict>
			<key>fileRef</key>
			<string>B137ADF6143F6EBF007184CB</string>
			<key>isa</key>
			<string>PBXBuildFile</string>
		</dict>
		<key>30b9aeac2a7b8058b7994676</key>
		<dict>
			<key>fileEncoding</key>
			<string>4</string>
			<key>isa</key>
			<string>PBXFileReference</string>
			<key>lastKnownFileType</key>
			<string>wrapper.framework</string>
			<key>name</key>
			<string>CFNetwork.framework</string>
			<key>path</key>
			<string>System/Library/Frameworks/CFNetwork.framework</string>
			<key>sourceTree</key>
			<string>SDKROOT</string>
		</dict>
		<key>37a6c479d914fd8564c089df</key>
		<dict>
			<key>fileRef</key>
			<string>B137ADF9143F6EBF007184CB</string>
			<key>isa</key>
			<string>PBXBuildFile</string>
		</dict>
		<key>3abb06f552cdced15fe988e7</key>
		<dict>
			<key>buildActionMask</key>
			<string>2147483647</string>
			<key>files</key>
			<array>
				<string>feb721103a075149dc44d17f</string>
				<string>3c9affc5e288d73562868aec</string>
				<string>42e475b618c8d9ba8ff7c906</string>
				<string>524c1ca4eec58ee6d7223cb6</string>
				<string>76aebbbe90e8b3892ca40bdc</string>
				<string>30a0b7ac493aa705fe6ef1b8</string>
				<string>37a6c479d914fd8564c089df</string>
				<string>bc365b0621e8da4313a6a37a</string>
				<string>49fdd87dc307b8ec5d9a1cd2</string>
			</array>
			<key>isa</key>
			<string>PBXResourcesBuildPhase</string>
			<key>runOnlyForDeploymentPostprocessing</key>
			<string>0</string>
		</dict>
		<key>3c9affc5e288d73562868aec</key>
		<dict>
			<key>fileRef</key>
			<string>B137ADEB143F6EBF007184CB</string>
			<key>isa</key>
			<string>PBXBuildFile</string>
		</dict>
		<key>42e475b618c8d9ba8ff7c906</key>
		<dict>
			<key>fileRef</key>
			<string>B137ADED143F6EBF007184CB</string>
			<key>isa</key>
			<string>PBXBuildFile</string>
		</dict>
		<key>42f566595190a646c16fc6e6</key>
		<dict>
			<key>fileRef</key>
			<string>B137ADF0143F6EBF007184CB</string>
			<key>isa</key>
			<string>PBXBuildFile</string>
		</dict>
		<key>45f62bed86715e2516f47298</key>
		<dict>
			<key>buildConfigurationList</key>
			<string>f4d7feaf629ede51120e8ec5</string>
			<key>buildPhases</key>
			<array>
				<string>045f2dedf65bdc8cba3d8875</string>
				<string>262556647f41aad7d7dea44a</string>
				<string>3abb06f552cdced15fe988e7</string>
			</array>
			<key>buildRules</key>
			<array/>
			<key>dependencies</key>
			<array/>
			<key>isa</key>
			<string>PBXNativeTarget</string>
			<key>name</key>
			<string>LPSimpleExample-cal</string>
			<key>productName</key>
			<string>LPSimpleExample-cal</string>
			<key>productReference</key>
			<string>128cf31f430419b2ca65da2e</string>
			<key>productType</key>
			<string>com.apple.product-type.application</string>
		</dict>
		<key>49fdd87dc307b8ec5d9a1cd2</key>
		<dict>
			<key>fileRef</key>
			<string>B19151D214549ED100A70274</string>
			<key>isa</key>
			<string>PBXBuildFile</string>
		</dict>
		<key>524c1ca4eec58ee6d7223cb6</key>
		<dict>
			<key>fileRef</key>
			<string>B137ADF2143F6EBF007184CB</string>
			<key>isa</key>
			<string>PBXBuildFile</string>
		</dict>
		<key>561356d0c38691331b2f55de</key>
		<dict>
			<key>fileRef</key>
			<string>B137ADD8143F6EBF007184CB</string>
			<key>isa</key>
			<string>PBXBuildFile</string>
		</dict>
		<key>6de0e367fcd121b6fdbd15cc</key>
		<dict>
			<key>buildSettings</key>
			<dict>
				<key>FRAMEWORK_SEARCH_PATHS</key>
				<array>
					<string></string>
					<string>$(inherited)</string>
					<string>"$(SRCROOT)"</string>
				</array>
				<key>GCC_PRECOMPILE_PREFIX_HEADER</key>
				<string>YES</string>
				<key>GCC_PREFIX_HEADER</key>
				<string>LPSimpleExample/LPSimpleExample-Prefix.pch</string>
				<key>INFOPLIST_FILE</key>
				<string>LPSimpleExample/LPSimpleExample-Info.plist</string>
				<key>IPHONEOS_DEPLOYMENT_TARGET</key>
				<string>4.0</string>
				<key>OTHER_LDFLAGS</key>
				<array>
					<string>$(inherited)</string>
					<string>-force_load</string>
					<string>"$(SRCROOT)/calabash.framework/calabash"</string>
					<string>-lstdc++</string>
				</array>
				<key>PRODUCT_NAME</key>
				<string>$(TARGET_NAME)</string>
				<key>WRAPPER_EXTENSION</key>
				<string>app</string>
			</dict>
			<key>isa</key>
			<string>XCBuildConfiguration</string>
			<key>name</key>
			<string>Debug</string>
		</dict>
		<key>76aebbbe90e8b3892ca40bdc</key>
		<dict>
			<key>fileRef</key>
			<string>B137ADF4143F6EBF007184CB</string>
			<key>isa</key>
			<string>PBXBuildFile</string>
		</dict>
		<key>85b5459be1e79c13813a46ef</key>
		<dict>
			<key>fileRef</key>
			<string>B137ADDA143F6EBF007184CB</string>
			<key>isa</key>
			<string>PBXBuildFile</string>
		</dict>
		<key>89d5c4bc89ce890f371bb52d</key>
		<dict>
			<key>fileRef</key>
			<string>B19151D114549ED100A70274</string>
			<key>isa</key>
			<string>PBXBuildFile</string>
		</dict>
		<key>94ddc654d7db3e3dc552c74a</key>
		<dict>
			<key>fileRef</key>
			<string>B137AE01143F7109007184CB</string>
			<key>isa</key>
			<string>PBXBuildFile</string>
		</dict>
		<key>B10AE47C14C8909E003F1704</key>
		<dict>
			<key>children</key>
			<array>
				<string>B10AE47F14C890A0003F1704</string>
				<string>B10AE48114C890A0003F1704</string>
				<string>B10AE48314C890A0003F1704</string>
				<string>B10AE48414C890A0003F1704</string>
			</array>
			<key>isa</key>
			<string>PBXGroup</string>
			<key>name</key>
			<string>Resources-iPad</string>
			<key>sourceTree</key>
			<string>&lt;group&gt;</string>
		</dict>
		<key>B10AE47F14C890A0003F1704</key>
		<dict>
			<key>children</key>
			<array>
				<string>B10AE48014C890A0003F1704</string>
			</array>
			<key>isa</key>
			<string>PBXVariantGroup</string>
			<key>name</key>
			<string>LPFirstViewController.xib</string>
			<key>sourceTree</key>
			<string>&lt;group&gt;</string>
		</dict>
		<key>B10AE48014C890A0003F1704</key>
		<dict>
			<key>isa</key>
			<string>PBXFileReference</string>
			<key>lastKnownFileType</key>
			<string>file.xib</string>
			<key>name</key>
			<string>en</string>
			<key>path</key>
			<string>Resources-iPad/LPSimpleExample/en.lproj/LPFirstViewController.xib</string>
			<key>sourceTree</key>
			<string>&lt;group&gt;</string>
		</dict>
		<key>B10AE48114C890A0003F1704</key>
		<dict>
			<key>children</key>
			<array>
				<string>B10AE48214C890A0003F1704</string>
			</array>
			<key>isa</key>
			<string>PBXVariantGroup</string>
			<key>name</key>
			<string>LPSecondViewController.xib</string>
			<key>sourceTree</key>
			<string>&lt;group&gt;</string>
		</dict>
		<key>B10AE48214C890A0003F1704</key>
		<dict>
			<key>isa</key>
			<string>PBXFileReference</string>
			<key>lastKnownFileType</key>
			<string>file.xib</string>
			<key>name</key>
			<string>en</string>
			<key>path</key>
			<string>Resources-iPad/LPSimpleExample/en.lproj/LPSecondViewController.xib</string>
			<key>sourceTree</key>
			<string>&lt;group&gt;</string>
		</dict>
		<key>B10AE48314C890A0003F1704</key>
		<dict>
			<key>isa</key>
			<string>PBXFileReference</string>
			<key>lastKnownFileType</key>
			<string>file.xib</string>
			<key>name</key>
			<string>LPThirdViewController.xib</string>
			<key>path</key>
			<string>Resources-iPad/LPSimpleExample/LPThirdViewController.xib</string>
			<key>sourceTree</key>
			<string>&lt;group&gt;</string>
		</dict>
		<key>B10AE48414C890A0003F1704</key>
		<dict>
			<key>isa</key>
			<string>PBXFileReference</string>
			<key>lastKnownFileType</key>
			<string>file.xib</string>
			<key>name</key>
			<string>LPFourthViewController.xib</string>
			<key>path</key>
			<string>Resources-iPad/LPSimpleExample/LPFourthViewController.xib</string>
			<key>sourceTree</key>
			<string>&lt;group&gt;</string>
		</dict>
		<key>B137ADC7143F6EBF007184CB</key>
		<dict>
			<key>children</key>
			<array>
				<string>B10AE47C14C8909E003F1704</string>
				<string>B137ADDC143F6EBF007184CB</string>
				<string>B137ADD5143F6EBF007184CB</string>
				<string>B137ADD3143F6EBF007184CB</string>
				<string>B1EE84381517A88D0030AB19</string>
			</array>
			<key>isa</key>
			<string>PBXGroup</string>
			<key>sourceTree</key>
			<string>&lt;group&gt;</string>
		</dict>
		<key>B137ADC9143F6EBF007184CB</key>
		<dict>
			<key>attributes</key>
			<dict>
				<key>LastUpgradeCheck</key>
				<string>0420</string>
				<key>ORGANIZATIONNAME</key>
				<string>Trifork</string>
			</dict>
			<key>buildConfigurationList</key>
			<string>B137ADCC143F6EBF007184CB</string>
			<key>compatibilityVersion</key>
			<string>Xcode 3.2</string>
			<key>developmentRegion</key>
			<string>English</string>
			<key>hasScannedForEncodings</key>
			<string>0</string>
			<key>isa</key>
			<string>PBXProject</string>
			<key>knownRegions</key>
			<array>
				<string>en</string>
			</array>
			<key>mainGroup</key>
			<string>B137ADC7143F6EBF007184CB</string>
			<key>productRefGroup</key>
			<string>B137ADD3143F6EBF007184CB</string>
			<key>projectDirPath</key>
			<string></string>
			<key>projectRoot</key>
			<string></string>
			<key>targets</key>
			<array>
				<string>B137ADD1143F6EBF007184CB</string>
				<string>45f62bed86715e2516f47298</string>
			</array>
		</dict>
		<key>B137ADCC143F6EBF007184CB</key>
		<dict>
			<key>buildConfigurations</key>
			<array>
				<string>B137ADFC143F6EBF007184CB</string>
				<string>B137ADFD143F6EBF007184CB</string>
			</array>
			<key>defaultConfigurationIsVisible</key>
			<string>0</string>
			<key>defaultConfigurationName</key>
			<string>Release</string>
			<key>isa</key>
			<string>XCConfigurationList</string>
		</dict>
		<key>B137ADCE143F6EBF007184CB</key>
		<dict>
			<key>buildActionMask</key>
			<string>2147483647</string>
			<key>files</key>
			<array>
				<string>B137ADE3143F6EBF007184CB</string>
				<string>B137ADEA143F6EBF007184CB</string>
				<string>B137ADF1143F6EBF007184CB</string>
				<string>B1497426144B4CBE00E6EE79</string>
				<string>B19151CD14549E1200A70274</string>
				<string>B19151D314549ED100A70274</string>
			</array>
			<key>isa</key>
			<string>PBXSourcesBuildPhase</string>
			<key>runOnlyForDeploymentPostprocessing</key>
			<string>0</string>
		</dict>
		<key>B137ADCF143F6EBF007184CB</key>
		<dict>
			<key>buildActionMask</key>
			<string>2147483647</string>
			<key>files</key>
			<array>
				<string>B137AE02143F7109007184CB</string>
				<string>B137ADD7143F6EBF007184CB</string>
				<string>B137ADD9143F6EBF007184CB</string>
				<string>B137ADDB143F6EBF007184CB</string>
			</array>
			<key>isa</key>
			<string>PBXFrameworksBuildPhase</string>
			<key>runOnlyForDeploymentPostprocessing</key>
			<string>0</string>
		</dict>
		<key>B137ADD0143F6EBF007184CB</key>
		<dict>
			<key>buildActionMask</key>
			<string>2147483647</string>
			<key>files</key>
			<array>
				<string>B137ADE1143F6EBF007184CB</string>
				<string>B137ADEC143F6EBF007184CB</string>
				<string>B137ADEE143F6EBF007184CB</string>
				<string>B137ADF3143F6EBF007184CB</string>
				<string>B137ADF5143F6EBF007184CB</string>
				<string>B137ADF8143F6EBF007184CB</string>
				<string>B137ADFB143F6EBF007184CB</string>
				<string>B1497422144B4C8900E6EE79</string>
				<string>B19151D514549ED100A70274</string>
			</array>
			<key>isa</key>
			<string>PBXResourcesBuildPhase</string>
			<key>runOnlyForDeploymentPostprocessing</key>
			<string>0</string>
		</dict>
		<key>B137ADD1143F6EBF007184CB</key>
		<dict>
			<key>buildConfigurationList</key>
			<string>B137ADFE143F6EBF007184CB</string>
			<key>buildPhases</key>
			<array>
				<string>B137ADCE143F6EBF007184CB</string>
				<string>B137ADCF143F6EBF007184CB</string>
				<string>B137ADD0143F6EBF007184CB</string>
			</array>
			<key>buildRules</key>
			<array/>
			<key>dependencies</key>
			<array/>
			<key>isa</key>
			<string>PBXNativeTarget</string>
			<key>name</key>
			<string>LPSimpleExample</string>
			<key>productName</key>
			<string>LPSimpleExample</string>
			<key>productReference</key>
			<string>B137ADD2143F6EBF007184CB</string>
			<key>productType</key>
			<string>com.apple.product-type.application</string>
		</dict>
		<key>B137ADD2143F6EBF007184CB</key>
		<dict>
			<key>explicitFileType</key>
			<string>wrapper.application</string>
			<key>includeInIndex</key>
			<string>0</string>
			<key>isa</key>
			<string>PBXFileReference</string>
			<key>path</key>
			<string>LPSimpleExample.app</string>
			<key>sourceTree</key>
			<string>BUILT_PRODUCTS_DIR</string>
		</dict>
		<key>B137ADD3143F6EBF007184CB</key>
		<dict>
			<key>children</key>
			<array>
				<string>B137ADD2143F6EBF007184CB</string>
			</array>
			<key>isa</key>
			<string>PBXGroup</string>
			<key>name</key>
			<string>Products</string>
			<key>sourceTree</key>
			<string>&lt;group&gt;</string>
		</dict>
		<key>B137ADD5143F6EBF007184CB</key>
		<dict>
			<key>children</key>
			<array>
				<string>B137AE01143F7109007184CB</string>
				<string>B137ADD6143F6EBF007184CB</string>
				<string>B137ADD8143F6EBF007184CB</string>
				<string>B137ADDA143F6EBF007184CB</string>
				<string>30b9aeac2a7b8058b7994676</string>
				<string>05e779d0d6dde22c184b8543</string>
			</array>
			<key>isa</key>
			<string>PBXGroup</string>
			<key>name</key>
			<string>Frameworks</string>
			<key>path</key>
			<string></string>
			<key>sourceTree</key>
			<string>&lt;group&gt;</string>
		</dict>
		<key>B137ADD6143F6EBF007184CB</key>
		<dict>
			<key>isa</key>
			<string>PBXFileReference</string>
			<key>lastKnownFileType</key>
			<string>wrapper.framework</string>
			<key>name</key>
			<string>UIKit.framework</string>
			<key>path</key>
			<string>System/Library/Frameworks/UIKit.framework</string>
			<key>sourceTree</key>
			<string>SDKROOT</string>
		</dict>
		<key>B137ADD7143F6EBF007184CB</key>
		<dict>
			<key>fileRef</key>
			<string>B137ADD6143F6EBF007184CB</string>
			<key>isa</key>
			<string>PBXBuildFile</string>
		</dict>
		<key>B137ADD8143F6EBF007184CB</key>
		<dict>
			<key>isa</key>
			<string>PBXFileReference</string>
			<key>lastKnownFileType</key>
			<string>wrapper.framework</string>
			<key>name</key>
			<string>Foundation.framework</string>
			<key>path</key>
			<string>System/Library/Frameworks/Foundation.framework</string>
			<key>sourceTree</key>
			<string>SDKROOT</string>
		</dict>
		<key>B137ADD9143F6EBF007184CB</key>
		<dict>
			<key>fileRef</key>
			<string>B137ADD8143F6EBF007184CB</string>
			<key>isa</key>
			<string>PBXBuildFile</string>
		</dict>
		<key>B137ADDA143F6EBF007184CB</key>
		<dict>
			<key>isa</key>
			<string>PBXFileReference</string>
			<key>lastKnownFileType</key>
			<string>wrapper.framework</string>
			<key>name</key>
			<string>CoreGraphics.framework</string>
			<key>path</key>
			<string>System/Library/Frameworks/CoreGraphics.framework</string>
			<key>sourceTree</key>
			<string>SDKROOT</string>
		</dict>
		<key>B137ADDB143F6EBF007184CB</key>
		<dict>
			<key>fileRef</key>
			<string>B137ADDA143F6EBF007184CB</string>
			<key>isa</key>
			<string>PBXBuildFile</string>
		</dict>
		<key>B137ADDC143F6EBF007184CB</key>
		<dict>
			<key>children</key>
			<array>
				<string>B19151CB14549E1200A70274</string>
				<string>B19151CC14549E1200A70274</string>
				<string>B137ADE8143F6EBF007184CB</string>
				<string>B137ADE9143F6EBF007184CB</string>
				<string>B137ADEB143F6EBF007184CB</string>
				<string>B137ADED143F6EBF007184CB</string>
				<string>B137ADEF143F6EBF007184CB</string>
				<string>B137ADF0143F6EBF007184CB</string>
				<string>B137ADF2143F6EBF007184CB</string>
				<string>B137ADF4143F6EBF007184CB</string>
				<string>B137ADF6143F6EBF007184CB</string>
				<string>B137ADF9143F6EBF007184CB</string>
				<string>B1497421144B4C8900E6EE79</string>
				<string>B1497424144B4CBE00E6EE79</string>
				<string>B1497425144B4CBE00E6EE79</string>
				<string>B137ADDD143F6EBF007184CB</string>
				<string>B19151D014549ED100A70274</string>
				<string>B19151D114549ED100A70274</string>
				<string>B19151D214549ED100A70274</string>
			</array>
			<key>isa</key>
			<string>PBXGroup</string>
			<key>path</key>
			<string>LPSimpleExample</string>
			<key>sourceTree</key>
			<string>&lt;group&gt;</string>
		</dict>
		<key>B137ADDD143F6EBF007184CB</key>
		<dict>
			<key>children</key>
			<array>
				<string>B137ADDE143F6EBF007184CB</string>
				<string>B137ADDF143F6EBF007184CB</string>
				<string>B137ADE2143F6EBF007184CB</string>
				<string>B137ADE4143F6EBF007184CB</string>
			</array>
			<key>isa</key>
			<string>PBXGroup</string>
			<key>name</key>
			<string>Supporting Files</string>
			<key>sourceTree</key>
			<string>&lt;group&gt;</string>
		</dict>
		<key>B137ADDE143F6EBF007184CB</key>
		<dict>
			<key>isa</key>
			<string>PBXFileReference</string>
			<key>lastKnownFileType</key>
			<string>text.plist.xml</string>
			<key>path</key>
			<string>LPSimpleExample-Info.plist</string>
			<key>sourceTree</key>
			<string>&lt;group&gt;</string>
		</dict>
		<key>B137ADDF143F6EBF007184CB</key>
		<dict>
			<key>children</key>
			<array>
				<string>B137ADE0143F6EBF007184CB</string>
			</array>
			<key>isa</key>
			<string>PBXVariantGroup</string>
			<key>name</key>
			<string>InfoPlist.strings</string>
			<key>sourceTree</key>
			<string>&lt;group&gt;</string>
		</dict>
		<key>B137ADE0143F6EBF007184CB</key>
		<dict>
			<key>isa</key>
			<string>PBXFileReference</string>
			<key>lastKnownFileType</key>
			<string>text.plist.strings</string>
			<key>name</key>
			<string>en</string>
			<key>path</key>
			<string>en.lproj/InfoPlist.strings</string>
			<key>sourceTree</key>
			<string>&lt;group&gt;</string>
		</dict>
		<key>B137ADE1143F6EBF007184CB</key>
		<dict>
			<key>fileRef</key>
			<string>B137ADDF143F6EBF007184CB</string>
			<key>isa</key>
			<string>PBXBuildFile</string>
		</dict>
		<key>B137ADE2143F6EBF007184CB</key>
		<dict>
			<key>isa</key>
			<string>PBXFileReference</string>
			<key>lastKnownFileType</key>
			<string>sourcecode.c.objc</string>
			<key>path</key>
			<string>main.m</string>
			<key>sourceTree</key>
			<string>&lt;group&gt;</string>
		</dict>
		<key>B137ADE3143F6EBF007184CB</key>
		<dict>
			<key>fileRef</key>
			<string>B137ADE2143F6EBF007184CB</string>
			<key>isa</key>
			<string>PBXBuildFile</string>
		</dict>
		<key>B137ADE4143F6EBF007184CB</key>
		<dict>
			<key>isa</key>
			<string>PBXFileReference</string>
			<key>lastKnownFileType</key>
			<string>sourcecode.c.h</string>
			<key>path</key>
			<string>LPSimpleExample-Prefix.pch</string>
			<key>sourceTree</key>
			<string>&lt;group&gt;</string>
		</dict>
		<key>B137ADE8143F6EBF007184CB</key>
		<dict>
			<key>isa</key>
			<string>PBXFileReference</string>
			<key>lastKnownFileType</key>
			<string>sourcecode.c.h</string>
			<key>path</key>
			<string>LPFirstViewController.h</string>
			<key>sourceTree</key>
			<string>&lt;group&gt;</string>
		</dict>
		<key>B137ADE9143F6EBF007184CB</key>
		<dict>
			<key>isa</key>
			<string>PBXFileReference</string>
			<key>lastKnownFileType</key>
			<string>sourcecode.c.objc</string>
			<key>path</key>
			<string>LPFirstViewController.m</string>
			<key>sourceTree</key>
			<string>&lt;group&gt;</string>
		</dict>
		<key>B137ADEA143F6EBF007184CB</key>
		<dict>
			<key>fileRef</key>
			<string>B137ADE9143F6EBF007184CB</string>
			<key>isa</key>
			<string>PBXBuildFile</string>
		</dict>
		<key>B137ADEB143F6EBF007184CB</key>
		<dict>
			<key>isa</key>
			<string>PBXFileReference</string>
			<key>lastKnownFileType</key>
			<string>image.png</string>
			<key>path</key>
			<string>first.png</string>
			<key>sourceTree</key>
			<string>&lt;group&gt;</string>
		</dict>
		<key>B137ADEC143F6EBF007184CB</key>
		<dict>
			<key>fileRef</key>
			<string>B137ADEB143F6EBF007184CB</string>
			<key>isa</key>
			<string>PBXBuildFile</string>
		</dict>
		<key>B137ADED143F6EBF007184CB</key>
		<dict>
			<key>isa</key>
			<string>PBXFileReference</string>
			<key>lastKnownFileType</key>
			<string>image.png</string>
			<key>path</key>
			<string>first@2x.png</string>
			<key>sourceTree</key>
			<string>&lt;group&gt;</string>
		</dict>
		<key>B137ADEE143F6EBF007184CB</key>
		<dict>
			<key>fileRef</key>
			<string>B137ADED143F6EBF007184CB</string>
			<key>isa</key>
			<string>PBXBuildFile</string>
		</dict>
		<key>B137ADEF143F6EBF007184CB</key>
		<dict>
			<key>isa</key>
			<string>PBXFileReference</string>
			<key>lastKnownFileType</key>
			<string>sourcecode.c.h</string>
			<key>path</key>
			<string>LPSecondViewController.h</string>
			<key>sourceTree</key>
			<string>&lt;group&gt;</string>
		</dict>
		<key>B137ADF0143F6EBF007184CB</key>
		<dict>
			<key>isa</key>
			<string>PBXFileReference</string>
			<key>lastKnownFileType</key>
			<string>sourcecode.c.objc</string>
			<key>path</key>
			<string>LPSecondViewController.m</string>
			<key>sourceTree</key>
			<string>&lt;group&gt;</string>
		</dict>
		<key>B137ADF1143F6EBF007184CB</key>
		<dict>
			<key>fileRef</key>
			<string>B137ADF0143F6EBF007184CB</string>
			<key>isa</key>
			<string>PBXBuildFile</string>
		</dict>
		<key>B137ADF2143F6EBF007184CB</key>
		<dict>
			<key>isa</key>
			<string>PBXFileReference</string>
			<key>lastKnownFileType</key>
			<string>image.png</string>
			<key>path</key>
			<string>second.png</string>
			<key>sourceTree</key>
			<string>&lt;group&gt;</string>
		</dict>
		<key>B137ADF3143F6EBF007184CB</key>
		<dict>
			<key>fileRef</key>
			<string>B137ADF2143F6EBF007184CB</string>
			<key>isa</key>
			<string>PBXBuildFile</string>
		</dict>
		<key>B137ADF4143F6EBF007184CB</key>
		<dict>
			<key>isa</key>
			<string>PBXFileReference</string>
			<key>lastKnownFileType</key>
			<string>image.png</string>
			<key>path</key>
			<string>second@2x.png</string>
			<key>sourceTree</key>
			<string>&lt;group&gt;</string>
		</dict>
		<key>B137ADF5143F6EBF007184CB</key>
		<dict>
			<key>fileRef</key>
			<string>B137ADF4143F6EBF007184CB</string>
			<key>isa</key>
			<string>PBXBuildFile</string>
		</dict>
		<key>B137ADF6143F6EBF007184CB</key>
		<dict>
			<key>children</key>
			<array>
				<string>B137ADF7143F6EBF007184CB</string>
			</array>
			<key>isa</key>
			<string>PBXVariantGroup</string>
			<key>name</key>
			<string>LPFirstViewController.xib</string>
			<key>sourceTree</key>
			<string>&lt;group&gt;</string>
		</dict>
		<key>B137ADF7143F6EBF007184CB</key>
		<dict>
			<key>isa</key>
			<string>PBXFileReference</string>
			<key>lastKnownFileType</key>
			<string>file.xib</string>
			<key>name</key>
			<string>en</string>
			<key>path</key>
			<string>en.lproj/LPFirstViewController.xib</string>
			<key>sourceTree</key>
			<string>&lt;group&gt;</string>
		</dict>
		<key>B137ADF8143F6EBF007184CB</key>
		<dict>
			<key>fileRef</key>
			<string>B137ADF6143F6EBF007184CB</string>
			<key>isa</key>
			<string>PBXBuildFile</string>
		</dict>
		<key>B137ADF9143F6EBF007184CB</key>
		<dict>
			<key>children</key>
			<array>
				<string>B137ADFA143F6EBF007184CB</string>
			</array>
			<key>isa</key>
			<string>PBXVariantGroup</string>
			<key>name</key>
			<string>LPSecondViewController.xib</string>
			<key>sourceTree</key>
			<string>&lt;group&gt;</string>
		</dict>
		<key>B137ADFA143F6EBF007184CB</key>
		<dict>
			<key>isa</key>
			<string>PBXFileReference</string>
			<key>lastKnownFileType</key>
			<string>file.xib</string>
			<key>name</key>
			<string>en</string>
			<key>path</key>
			<string>en.lproj/LPSecondViewController.xib</string>
			<key>sourceTree</key>
			<string>&lt;group&gt;</string>
		</dict>
		<key>B137ADFB143F6EBF007184CB</key>
		<dict>
			<key>fileRef</key>
			<string>B137ADF9143F6EBF007184CB</string>
			<key>isa</key>
			<string>PBXBuildFile</string>
		</dict>
		<key>B137ADFC143F6EBF007184CB</key>
		<dict>
			<key>buildSettings</key>
			<dict>
				<key>ALWAYS_SEARCH_USER_PATHS</key>
				<string>NO</string>
				<key>ARCHS</key>
				<string>$(ARCHS_STANDARD_32_BIT)</string>
				<key>CODE_SIGN_IDENTITY[sdk=iphoneos*]</key>
				<string>iPhone Developer</string>
				<key>COPY_PHASE_STRIP</key>
				<string>NO</string>
				<key>FRAMEWORK_SEARCH_PATHS</key>
				<array>
					<string>$(inherited)</string>
					<string>$(SRCROOT)</string>
				</array>
				<key>GCC_C_LANGUAGE_STANDARD</key>
				<string>gnu99</string>
				<key>GCC_DYNAMIC_NO_PIC</key>
				<string>NO</string>
				<key>GCC_OPTIMIZATION_LEVEL</key>
				<string>0</string>
				<key>GCC_PREPROCESSOR_DEFINITIONS</key>
				<array>
					<string>DEBUG=1</string>
					<string>$(inherited)</string>
				</array>
				<key>GCC_SYMBOLS_PRIVATE_EXTERN</key>
				<string>NO</string>
				<key>GCC_VERSION</key>
				<string>com.apple.compilers.llvm.clang.1_0</string>
				<key>GCC_WARN_ABOUT_MISSING_PROTOTYPES</key>
				<string>YES</string>
				<key>GCC_WARN_ABOUT_RETURN_TYPE</key>
				<string>YES</string>
				<key>GCC_WARN_UNUSED_VARIABLE</key>
				<string>YES</string>
				<key>IPHONEOS_DEPLOYMENT_TARGET</key>
				<string>4.0</string>
				<key>SDKROOT</key>
				<string>iphoneos</string>
			</dict>
			<key>isa</key>
			<string>XCBuildConfiguration</string>
			<key>name</key>
			<string>Debug</string>
		</dict>
		<key>B137ADFD143F6EBF007184CB</key>
		<dict>
			<key>buildSettings</key>
			<dict>
				<key>ALWAYS_SEARCH_USER_PATHS</key>
				<string>NO</string>
				<key>ARCHS</key>
				<string>$(ARCHS_STANDARD_32_BIT)</string>
				<key>CODE_SIGN_IDENTITY[sdk=iphoneos*]</key>
				<string>iPhone Developer</string>
				<key>COPY_PHASE_STRIP</key>
				<string>YES</string>
				<key>FRAMEWORK_SEARCH_PATHS</key>
				<array>
					<string>$(inherited)</string>
					<string>$(SRCROOT)</string>
				</array>
				<key>GCC_C_LANGUAGE_STANDARD</key>
				<string>gnu99</string>
				<key>GCC_VERSION</key>
				<string>com.apple.compilers.llvm.clang.1_0</string>
				<key>GCC_WARN_ABOUT_MISSING_PROTOTYPES</key>
				<string>YES</string>
				<key>GCC_WARN_ABOUT_RETURN_TYPE</key>
				<string>YES</string>
				<key>GCC_WARN_UNUSED_VARIABLE</key>
				<string>YES</string>
				<key>IPHONEOS_DEPLOYMENT_TARGET</key>
				<string>4.0</string>
				<key>OTHER_CFLAGS</key>
				<string>-DNS_BLOCK_ASSERTIONS=1</string>
				<key>SDKROOT</key>
				<string>iphoneos</string>
				<key>VALIDATE_PRODUCT</key>
				<string>YES</string>
			</dict>
			<key>isa</key>
			<string>XCBuildConfiguration</string>
			<key>name</key>
			<string>Release</string>
		</dict>
		<key>B137ADFE143F6EBF007184CB</key>
		<dict>
			<key>buildConfigurations</key>
			<array>
				<string>B137ADFF143F6EBF007184CB</string>
				<string>B137AE00143F6EBF007184CB</string>
			</array>
			<key>defaultConfigurationIsVisible</key>
			<string>0</string>
			<key>defaultConfigurationName</key>
			<string>Release</string>
			<key>isa</key>
			<string>XCConfigurationList</string>
		</dict>
		<key>B137ADFF143F6EBF007184CB</key>
		<dict>
			<key>buildSettings</key>
			<dict>
				<key>FRAMEWORK_SEARCH_PATHS</key>
				<string></string>
				<key>GCC_PRECOMPILE_PREFIX_HEADER</key>
				<string>YES</string>
				<key>GCC_PREFIX_HEADER</key>
				<string>LPSimpleExample/LPSimpleExample-Prefix.pch</string>
				<key>INFOPLIST_FILE</key>
				<string>LPSimpleExample/LPSimpleExample-Info.plist</string>
				<key>IPHONEOS_DEPLOYMENT_TARGET</key>
				<string>4.0</string>
				<key>PRODUCT_NAME</key>
				<string>$(TARGET_NAME)</string>
				<key>WRAPPER_EXTENSION</key>
				<string>app</string>
			</dict>
			<key>isa</key>
			<string>XCBuildConfiguration</string>
			<key>name</key>
			<string>Debug</string>
		</dict>
		<key>B137AE00143F6EBF007184CB</key>
		<dict>
			<key>buildSettings</key>
			<dict>
				<key>FRAMEWORK_SEARCH_PATHS</key>
				<string></string>
				<key>GCC_PRECOMPILE_PREFIX_HEADER</key>
				<string>YES</string>
				<key>GCC_PREFIX_HEADER</key>
				<string>LPSimpleExample/LPSimpleExample-Prefix.pch</string>
				<key>INFOPLIST_FILE</key>
				<string>LPSimpleExample/LPSimpleExample-Info.plist</string>
				<key>IPHONEOS_DEPLOYMENT_TARGET</key>
				<string>4.0</string>
				<key>PRODUCT_NAME</key>
				<string>$(TARGET_NAME)</string>
				<key>WRAPPER_EXTENSION</key>
				<string>app</string>
			</dict>
			<key>isa</key>
			<string>XCBuildConfiguration</string>
			<key>name</key>
			<string>Release</string>
		</dict>
		<key>B137AE01143F7109007184CB</key>
		<dict>
			<key>isa</key>
			<string>PBXFileReference</string>
			<key>lastKnownFileType</key>
			<string>wrapper.framework</string>
			<key>name</key>
			<string>MapKit.framework</string>
			<key>path</key>
			<string>System/Library/Frameworks/MapKit.framework</string>
			<key>sourceTree</key>
			<string>SDKROOT</string>
		</dict>
		<key>B137AE02143F7109007184CB</key>
		<dict>
			<key>fileRef</key>
			<string>B137AE01143F7109007184CB</string>
			<key>isa</key>
			<string>PBXBuildFile</string>
		</dict>
		<key>B1497421144B4C8900E6EE79</key>
		<dict>
			<key>fileEncoding</key>
			<string>4</string>
			<key>isa</key>
			<string>PBXFileReference</string>
			<key>lastKnownFileType</key>
			<string>file.xib</string>
			<key>path</key>
			<string>LPThirdViewController.xib</string>
			<key>sourceTree</key>
			<string>&lt;group&gt;</string>
		</dict>
		<key>B1497422144B4C8900E6EE79</key>
		<dict>
			<key>fileRef</key>
			<string>B1497421144B4C8900E6EE79</string>
			<key>isa</key>
			<string>PBXBuildFile</string>
		</dict>
		<key>B1497424144B4CBE00E6EE79</key>
		<dict>
			<key>fileEncoding</key>
			<string>4</string>
			<key>isa</key>
			<string>PBXFileReference</string>
			<key>lastKnownFileType</key>
			<string>sourcecode.c.h</string>
			<key>path</key>
			<string>LPThirdViewController.h</string>
			<key>sourceTree</key>
			<string>&lt;group&gt;</string>
		</dict>
		<key>B1497425144B4CBE00E6EE79</key>
		<dict>
			<key>fileEncoding</key>
			<string>4</string>
			<key>isa</key>
			<string>PBXFileReference</string>
			<key>lastKnownFileType</key>
			<string>sourcecode.c.objc</string>
			<key>path</key>
			<string>LPThirdViewController.m</string>
			<key>sourceTree</key>
			<string>&lt;group&gt;</string>
		</dict>
		<key>B1497426144B4CBE00E6EE79</key>
		<dict>
			<key>fileRef</key>
			<string>B1497425144B4CBE00E6EE79</string>
			<key>isa</key>
			<string>PBXBuildFile</string>
		</dict>
		<key>B19151CB14549E1200A70274</key>
		<dict>
			<key>fileEncoding</key>
			<string>4</string>
			<key>isa</key>
			<string>PBXFileReference</string>
			<key>lastKnownFileType</key>
			<string>sourcecode.c.h</string>
			<key>path</key>
			<string>LPAppDelegate.h</string>
			<key>sourceTree</key>
			<string>&lt;group&gt;</string>
		</dict>
		<key>B19151CC14549E1200A70274</key>
		<dict>
			<key>fileEncoding</key>
			<string>4</string>
			<key>isa</key>
			<string>PBXFileReference</string>
			<key>lastKnownFileType</key>
			<string>sourcecode.c.objc</string>
			<key>path</key>
			<string>LPAppDelegate.m</string>
			<key>sourceTree</key>
			<string>&lt;group&gt;</string>
		</dict>
		<key>B19151CD14549E1200A70274</key>
		<dict>
			<key>fileRef</key>
			<string>B19151CC14549E1200A70274</string>
			<key>isa</key>
			<string>PBXBuildFile</string>
		</dict>
		<key>B19151D014549ED100A70274</key>
		<dict>
			<key>fileEncoding</key>
			<string>4</string>
			<key>isa</key>
			<string>PBXFileReference</string>
			<key>lastKnownFileType</key>
			<string>sourcecode.c.h</string>
			<key>path</key>
			<string>LPFourthViewController.h</string>
			<key>sourceTree</key>
			<string>&lt;group&gt;</string>
		</dict>
		<key>B19151D114549ED100A70274</key>
		<dict>
			<key>fileEncoding</key>
			<string>4</string>
			<key>isa</key>
			<string>PBXFileReference</string>
			<key>lastKnownFileType</key>
			<string>sourcecode.c.objc</string>
			<key>path</key>
			<string>LPFourthViewController.m</string>
			<key>sourceTree</key>
			<string>&lt;group&gt;</string>
		</dict>
		<key>B19151D214549ED100A70274</key>
		<dict>
			<key>fileEncoding</key>
			<string>4</string>
			<key>isa</key>
			<string>PBXFileReference</string>
			<key>lastKnownFileType</key>
			<string>file.xib</string>
			<key>path</key>
			<string>LPFourthViewController.xib</string>
			<key>sourceTree</key>
			<string>&lt;group&gt;</string>
		</dict>
		<key>B19151D314549ED100A70274</key>
		<dict>
			<key>fileRef</key>
			<string>B19151D114549ED100A70274</string>
			<key>isa</key>
			<string>PBXBuildFile</string>
		</dict>
		<key>B19151D514549ED100A70274</key>
		<dict>
			<key>fileRef</key>
			<string>B19151D214549ED100A70274</string>
			<key>isa</key>
			<string>PBXBuildFile</string>
		</dict>
		<key>B1EE84381517A88D0030AB19</key>
		<dict>
			<key>isa</key>
			<string>PBXFileReference</string>
			<key>lastKnownFileType</key>
			<string>text.plist.xml</string>
			<key>name</key>
			<string>LPSimpleExample copy-Info.plist</string>
			<key>path</key>
			<string>/Users/krukow/github/calabash-ios-example/LPSimpleExample copy-Info.plist</string>
			<key>sourceTree</key>
			<string>&lt;absolute&gt;</string>
		</dict>
		<key>bc365b0621e8da4313a6a37a</key>
		<dict>
			<key>fileRef</key>
			<string>B1497421144B4C8900E6EE79</string>
			<key>isa</key>
			<string>PBXBuildFile</string>
		</dict>
		<key>c0b5d09595f01e750b2a026f</key>
		<dict>
			<key>fileRef</key>
			<string>B137ADE9143F6EBF007184CB</string>
			<key>isa</key>
			<string>PBXBuildFile</string>
		</dict>
		<key>d8bd503e1c9ef02938e4bd58</key>
		<dict>
			<key>buildSettings</key>
			<dict>
				<key>FRAMEWORK_SEARCH_PATHS</key>
				<array>
					<string></string>
					<string>$(inherited)</string>
					<string>"$(SRCROOT)"</string>
				</array>
				<key>GCC_PRECOMPILE_PREFIX_HEADER</key>
				<string>YES</string>
				<key>GCC_PREFIX_HEADER</key>
				<string>LPSimpleExample/LPSimpleExample-Prefix.pch</string>
				<key>INFOPLIST_FILE</key>
				<string>LPSimpleExample/LPSimpleExample-Info.plist</string>
				<key>IPHONEOS_DEPLOYMENT_TARGET</key>
				<string>4.0</string>
				<key>OTHER_LDFLAGS</key>
				<array>
					<string>$(inherited)</string>
					<string>-force_load</string>
					<string>"$(SRCROOT)/calabash.framework/calabash"</string>
					<string>-lstdc++</string>
				</array>
				<key>PRODUCT_NAME</key>
				<string>$(TARGET_NAME)</string>
				<key>WRAPPER_EXTENSION</key>
				<string>app</string>
			</dict>
			<key>isa</key>
			<string>XCBuildConfiguration</string>
			<key>name</key>
			<string>Release</string>
		</dict>
		<key>e2cf3539d1d9c6328d80a649</key>
		<dict>
			<key>fileRef</key>
			<string>05e779d0d6dde22c184b8543</string>
			<key>isa</key>
			<string>PBXBuildFile</string>
		</dict>
		<key>f2354b2e81dbd9752c64e215</key>
		<dict>
			<key>fileRef</key>
			<string>B137ADE2143F6EBF007184CB</string>
			<key>isa</key>
			<string>PBXBuildFile</string>
		</dict>
		<key>f4d7feaf629ede51120e8ec5</key>
		<dict>
			<key>buildConfigurations</key>
			<array>
				<string>6de0e367fcd121b6fdbd15cc</string>
				<string>d8bd503e1c9ef02938e4bd58</string>
			</array>
			<key>defaultConfigurationIsVisible</key>
			<string>0</string>
			<key>defaultConfigurationName</key>
			<string>Release</string>
			<key>isa</key>
			<string>XCConfigurationList</string>
		</dict>
		<key>f6555c7fd4e2e9ac544b6843</key>
		<dict>
			<key>fileRef</key>
			<string>B1497425144B4CBE00E6EE79</string>
			<key>isa</key>
			<string>PBXBuildFile</string>
		</dict>
		<key>fc4b6191aa8ce74e03848ae6</key>
		<dict>
			<key>fileRef</key>
			<string>B137ADD6143F6EBF007184CB</string>
			<key>isa</key>
			<string>PBXBuildFile</string>
		</dict>
		<key>feb721103a075149dc44d17f</key>
		<dict>
			<key>fileRef</key>
			<string>B137ADDF143F6EBF007184CB</string>
			<key>isa</key>
			<string>PBXBuildFile</string>
		</dict>
	</dict>
	<key>rootObject</key>
	<string>B137ADC9143F6EBF007184CB</string>
</dict>
</plist>
